
Microsoft Visual Studio Solution File, Format Version 12.00
# Visual Studio 15
VisualStudioVersion = 15.0.27130.2036
MinimumVisualStudioVersion = 10.0.40219.1
Project("{FAE04EC0-301F-11D3-BF4B-00C04F79EFBC}") = "DispatcherKiller", "dispatcher_killer\DispatcherKiller.csproj", "{24894301-62DD-4A67-A197-05EFF86F5C90}"
EndProject
Project("{FAE04EC0-301F-11D3-BF4B-00C04F79EFBC}") = "IncorrectWaysToDie", "incorrect_ways_to_die\IncorrectWaysToDie.csproj", "{92F341AE-DCCD-410E-928E-456DC856ED2B}"
EndProject
Global
	GlobalSection(SolutionConfigurationPlatforms) = preSolution
		Debug|Any CPU = Debug|Any CPU
		Release|Any CPU = Release|Any CPU
	EndGlobalSection
	GlobalSection(ProjectConfigurationPlatforms) = postSolution
		{24894301-62DD-4A67-A197-05EFF86F5C90}.Debug|Any CPU.ActiveCfg = Debug|Any CPU
		{24894301-62DD-4A67-A197-05EFF86F5C90}.Debug|Any CPU.Build.0 = Debug|Any CPU
		{24894301-62DD-4A67-A197-05EFF86F5C90}.Release|Any CPU.ActiveCfg = Release|Any CPU
		{24894301-62DD-4A67-A197-05EFF86F5C90}.Release|Any CPU.Build.0 = Release|Any CPU
		{92F341AE-DCCD-410E-928E-456DC856ED2B}.Debug|Any CPU.ActiveCfg = Debug|Any CPU
		{92F341AE-DCCD-410E-928E-456DC856ED2B}.Debug|Any CPU.Build.0 = Debug|Any CPU
		{92F341AE-DCCD-410E-928E-456DC856ED2B}.Release|Any CPU.ActiveCfg = Release|Any CPU
		{92F341AE-DCCD-410E-928E-456DC856ED2B}.Release|Any CPU.Build.0 = Release|Any CPU
	EndGlobalSection
	GlobalSection(SolutionProperties) = preSolution
		HideSolutionNode = FALSE
	EndGlobalSection
	GlobalSection(ExtensibilityGlobals) = postSolution
		SolutionGuid = {6DD67A3B-63D1-4120-8005-1E2D95D07247}
	EndGlobalSection
EndGlobal
